
Microsoft Visual Studio Solution File, Format Version 12.00
# Visual Studio 2012
Project("{FAE04EC0-301F-11D3-BF4B-00C04F79EFBC}") = "FindBus", "FindBus\FindBus.csproj", "{3B5913E3-DE77-4EEE-94F9-86F7BD8F522A}"
EndProject
Global
	GlobalSection(SolutionConfigurationPlatforms) = preSolution
		Debug|Any CPU = Debug|Any CPU
		Release|Any CPU = Release|Any CPU
	EndGlobalSection
	GlobalSection(ProjectConfigurationPlatforms) = postSolution
		{3B5913E3-DE77-4EEE-94F9-86F7BD8F522A}.Debug|Any CPU.ActiveCfg = Debug|Any CPU
		{3B5913E3-DE77-4EEE-94F9-86F7BD8F522A}.Debug|Any CPU.Build.0 = Debug|Any CPU
		{3B5913E3-DE77-4EEE-94F9-86F7BD8F522A}.Release|Any CPU.ActiveCfg = Release|Any CPU
		{3B5913E3-DE77-4EEE-94F9-86F7BD8F522A}.Release|Any CPU.Build.0 = Release|Any CPU
	EndGlobalSection
	GlobalSection(SolutionProperties) = preSolution
		HideSolutionNode = FALSE
	EndGlobalSection
EndGlobal
